# This file is automatically @generated by Cargo.
# It is not intended for manual editing.
version = 4

[[package]]
name = "audit-log"
version = "0.1.0"

[[package]]
name = "barcode"
version = "0.1.0"

[[package]]
name = "domain"
version = "0.1.0"

[[package]]
name = "importer"
version = "0.1.0"
dependencies = [
 "domain",
]

[[package]]
name = "print-agent"
version = "0.1.0"
dependencies = [
 "audit-log",
 "barcode",
 "printer-adapters",
 "render",
]

[[package]]
name = "printer-adapters"
version = "0.1.0"

[[package]]
name = "render"
version = "0.1.0"
